Microsoft Visual Studio Solution File, Format Version 12.00
# Visual Studio Version 17
VisualStudioVersion = 17.8.0.0
MinimumVisualStudioVersion = 17.8.0.0
Project("{9A19103F-16F7-4668-BE54-9A1E7A4F7556}") = "test.AppHost", "test.AppHost\test.AppHost.csproj", "{867B9A4E-A0E4-4EA4-B3CF-04DFC1762A20}"
EndProject
Project("{9A19103F-16F7-4668-BE54-9A1E7A4F7556}") = "test.ServiceDefaults", "test.ServiceDefaults\test.ServiceDefaults.csproj", "{F9A4B3AB-0013-4096-8819-6CEFD43C0E86}"
EndProject
Project("{9A19103F-16F7-4668-BE54-9A1E7A4F7556}") = "test.ApiService", "test.ApiService\test.ApiService.csproj", "{AAF3C8D9-81EE-48B6-8461-157EE23009C8}"
EndProject
Project("{9A19103F-16F7-4668-BE54-9A1E7A4F7556}") = "test.Web", "test.Web\test.Web.csproj", "{34E7965C-C830-4418-83B8-0F26229FD38A}"
EndProject
Global
	GlobalSection(SolutionConfigurationPlatforms) = preSolution
		Debug|Any CPU = Debug|Any CPU
		Release|Any CPU = Release|Any CPU
	EndGlobalSection
	GlobalSection(ProjectConfigurationPlatforms) = postSolution
		{867B9A4E-A0E4-4EA4-B3CF-04DFC1762A20}.Debug|Any CPU.ActiveCfg = Debug|Any CPU
		{867B9A4E-A0E4-4EA4-B3CF-04DFC1762A20}.Debug|Any CPU.Build.0 = Debug|Any CPU
		{867B9A4E-A0E4-4EA4-B3CF-04DFC1762A20}.Release|Any CPU.ActiveCfg = Release|Any CPU
		{867B9A4E-A0E4-4EA4-B3CF-04DFC1762A20}.Release|Any CPU.Build.0 = Release|Any CPU
		{F9A4B3AB-0013-4096-8819-6CEFD43C0E86}.Debug|Any CPU.ActiveCfg = Debug|Any CPU
		{F9A4B3AB-0013-4096-8819-6CEFD43C0E86}.Debug|Any CPU.Build.0 = Debug|Any CPU
		{F9A4B3AB-0013-4096-8819-6CEFD43C0E86}.Release|Any CPU.ActiveCfg = Release|Any CPU
		{F9A4B3AB-0013-4096-8819-6CEFD43C0E86}.Release|Any CPU.Build.0 = Release|Any CPU
		{AAF3C8D9-81EE-48B6-8461-157EE23009C8}.Debug|Any CPU.ActiveCfg = Debug|Any CPU
		{AAF3C8D9-81EE-48B6-8461-157EE23009C8}.Debug|Any CPU.Build.0 = Debug|Any CPU
		{AAF3C8D9-81EE-48B6-8461-157EE23009C8}.Release|Any CPU.ActiveCfg = Release|Any CPU
		{AAF3C8D9-81EE-48B6-8461-157EE23009C8}.Release|Any CPU.Build.0 = Release|Any CPU
		{34E7965C-C830-4418-83B8-0F26229FD38A}.Debug|Any CPU.ActiveCfg = Debug|Any CPU
		{34E7965C-C830-4418-83B8-0F26229FD38A}.Debug|Any CPU.Build.0 = Debug|Any CPU
		{34E7965C-C830-4418-83B8-0F26229FD38A}.Release|Any CPU.ActiveCfg = Release|Any CPU
		{34E7965C-C830-4418-83B8-0F26229FD38A}.Release|Any CPU.Build.0 = Release|Any CPU
	EndGlobalSection
	GlobalSection(SolutionProperties) = preSolution
		HideSolutionNode = FALSE
	EndGlobalSection
	GlobalSection(ExtensibilityGlobals) = postSolution
		SolutionGuid = {B8AC7931-0DA2-4BA5-BF0D-098C39915988}
	EndGlobalSection
EndGlobal
